
Microsoft Visual Studio Solution File, Format Version 12.00
# Visual Studio Version 16
VisualStudioVersion = 16.0.30413.136
MinimumVisualStudioVersion = 10.0.40219.1
Project("{FAE04EC0-301F-11D3-BF4B-00C04F79EFBC}") = "ApiXLS", "ApiXLS\ApiXLS.csproj", "{29309E73-F3AA-442C-9446-CFA29FCF0338}"
EndProject
Project("{FAE04EC0-301F-11D3-BF4B-00C04F79EFBC}") = "ApiMSG", "ApiMSG\ApiMSG.csproj", "{06414A4F-92A7-4D6C-8C97-9ED89C8849E6}"
EndProject
Project("{FAE04EC0-301F-11D3-BF4B-00C04F79EFBC}") = "ApiLog", "ApiLog\ApiLog.csproj", "{9EEA7365-BA7D-4B10-A0EB-325C89C4B13C}"
EndProject
Project("{FAE04EC0-301F-11D3-BF4B-00C04F79EFBC}") = "AirpocketAPI", "AirpocketAPI\AirpocketAPI.csproj", "{5FA5A62A-BFC7-4879-BA10-2EBE5CA75B0B}"
EndProject
Project("{FAE04EC0-301F-11D3-BF4B-00C04F79EFBC}") = "AirpocketTRN", "AirpocketTRN\AirpocketTRN.csproj", "{C88DB34D-E913-49A2-85A1-4F1C1A70C18E}"
EndProject
Project("{FAE04EC0-301F-11D3-BF4B-00C04F79EFBC}") = "XAPI", "XAPI\XAPI.csproj", "{92354FDB-A00F-4E54-A4AC-8FD961D5860E}"
EndProject
Project("{FAE04EC0-301F-11D3-BF4B-00C04F79EFBC}") = "ApiReportFlight", "ApiReportFlight\ApiReportFlight.csproj", "{D79CD664-CD16-4BA1-8A13-6FDEC5F9D1FA}"
EndProject
Project("{FAE04EC0-301F-11D3-BF4B-00C04F79EFBC}") = "ApiScheduling", "ApiScheduling\ApiScheduling.csproj", "{75100C5B-6D61-4215-9443-E6C515E84B7D}"
EndProject
Project("{FAE04EC0-301F-11D3-BF4B-00C04F79EFBC}") = "ApiAPSB", "ApiAPSB\ApiAPSB.csproj", "{5096F92A-28AD-42D3-BB47-B4401CDA2E37}"
EndProject
Project("{FAE04EC0-301F-11D3-BF4B-00C04F79EFBC}") = "ApiPlanning", "ApiPlanning\ApiPlanning.csproj", "{96EAC3E6-72AF-4B23-A5DF-4D90507C7804}"
EndProject
Project("{FAE04EC0-301F-11D3-BF4B-00C04F79EFBC}") = "ApiProfile", "ApiProfile\ApiProfile.csproj", "{DD099F88-0608-48DB-826E-EE1659C83298}"
EndProject
Project("{FAE04EC0-301F-11D3-BF4B-00C04F79EFBC}") = "ApiLogDefault", "ApiLogDefault\ApiLogDefault.csproj", "{B6EEC0B0-225E-4D6B-AD3D-A3868B996215}"
EndProject
Project("{FAE04EC0-301F-11D3-BF4B-00C04F79EFBC}") = "ApiChain", "ApiChain\ApiChain.csproj", "{1740C885-BF41-4FE9-AA44-AFF364735BE2}"
EndProject
Project("{FAE04EC0-301F-11D3-BF4B-00C04F79EFBC}") = "ApiLogUTC", "ApiLogUTC\ApiLogUTC.csproj", "{4687558F-C297-4CAA-A362-364FA9BA881D}"
EndProject
Project("{FAE04EC0-301F-11D3-BF4B-00C04F79EFBC}") = "ApiSBTBN", "ApiSBTBN\ApiSBTBN.csproj", "{10A67A2C-41C4-4F00-978A-250DFFD10A26}"
EndProject
Project("{FAE04EC0-301F-11D3-BF4B-00C04F79EFBC}") = "ApiCAO", "ApiCAO\ApiCAO.csproj", "{82DC1493-3639-47CF-8714-8B2186BE4EB5}"
EndProject
Project("{FAE04EC0-301F-11D3-BF4B-00C04F79EFBC}") = "ApiQA", "ApiQA\ApiQA.csproj", "{C67C6CD5-B788-4943-9917-BD125D80EABB}"
EndProject
Project("{FAE04EC0-301F-11D3-BF4B-00C04F79EFBC}") = "ApiFDM", "ApiFDM\ApiFDM.csproj", "{A208B146-32CF-460E-A8A8-5B39C034B795}"
EndProject
Project("{FAE04EC0-301F-11D3-BF4B-00C04F79EFBC}") = "ApiMap", "ApiMap\ApiMap.csproj", "{78B7C8D1-2772-4734-9868-4FA0EC210E7F}"
EndProject
Project("{FAE04EC0-301F-11D3-BF4B-00C04F79EFBC}") = "ApiFuel", "ApiFuel\ApiFuel.csproj", "{67E16793-CDB2-44B8-AB8D-0F0302C80684}"
EndProject
Project("{FAE04EC0-301F-11D3-BF4B-00C04F79EFBC}") = "ApiLibrary", "ApiLibrary\ApiLibrary.csproj", "{09957983-1B51-4F53-AE3E-DC1750E00594}"
EndProject
Project("{9A19103F-16F7-4668-BE54-9A1E7A4F7556}") = "SMSLibrary", "SMSLibrary\SMSLibrary.csproj", "{1646356E-9045-4650-BD26-A1F52CB48FA6}"
EndProject
Project("{FAE04EC0-301F-11D3-BF4B-00C04F79EFBC}") = "ApiQaSMS", "ApiQaSMS\ApiQaSMS.csproj", "{FD083B01-58B8-4D5D-9D74-677A377F953B}"
EndProject
Project("{FAE04EC0-301F-11D3-BF4B-00C04F79EFBC}") = "ApiCRM", "ApiCRM\ApiCRM.csproj", "{919418A5-3268-4A43-93BC-E55A88D22B1B}"
EndProject
Project("{FAE04EC0-301F-11D3-BF4B-00C04F79EFBC}") = "ApiQATemp", "ApiQATemp\ApiQATemp.csproj", "{15D55054-7BDE-4A48-A47B-F17137F74C2E}"
EndProject
Project("{FAE04EC0-301F-11D3-BF4B-00C04F79EFBC}") = "ApiMnt", "ApiMnt\ApiMnt.csproj", "{1F72362E-EF06-4111-8DF0-2A428580D823}"
EndProject
Global
	GlobalSection(SolutionConfigurationPlatforms) = preSolution
		Debug|Any CPU = Debug|Any CPU
		Debug|x64 = Debug|x64
		Release|Any CPU = Release|Any CPU
		Release|x64 = Release|x64
	EndGlobalSection
	GlobalSection(ProjectConfigurationPlatforms) = postSolution
		{29309E73-F3AA-442C-9446-CFA29FCF0338}.Debug|Any CPU.ActiveCfg = Debug|Any CPU
		{29309E73-F3AA-442C-9446-CFA29FCF0338}.Debug|Any CPU.Build.0 = Debug|Any CPU
		{29309E73-F3AA-442C-9446-CFA29FCF0338}.Debug|x64.ActiveCfg = Debug|Any CPU
		{29309E73-F3AA-442C-9446-CFA29FCF0338}.Debug|x64.Build.0 = Debug|Any CPU
		{29309E73-F3AA-442C-9446-CFA29FCF0338}.Release|Any CPU.ActiveCfg = Release|Any CPU
		{29309E73-F3AA-442C-9446-CFA29FCF0338}.Release|Any CPU.Build.0 = Release|Any CPU
		{29309E73-F3AA-442C-9446-CFA29FCF0338}.Release|x64.ActiveCfg = Release|Any CPU
		{29309E73-F3AA-442C-9446-CFA29FCF0338}.Release|x64.Build.0 = Release|Any CPU
		{06414A4F-92A7-4D6C-8C97-9ED89C8849E6}.Debug|Any CPU.ActiveCfg = Debug|Any CPU
		{06414A4F-92A7-4D6C-8C97-9ED89C8849E6}.Debug|Any CPU.Build.0 = Debug|Any CPU
		{06414A4F-92A7-4D6C-8C97-9ED89C8849E6}.Debug|x64.ActiveCfg = Debug|Any CPU
		{06414A4F-92A7-4D6C-8C97-9ED89C8849E6}.Debug|x64.Build.0 = Debug|Any CPU
		{06414A4F-92A7-4D6C-8C97-9ED89C8849E6}.Release|Any CPU.ActiveCfg = Release|Any CPU
		{06414A4F-92A7-4D6C-8C97-9ED89C8849E6}.Release|Any CPU.Build.0 = Release|Any CPU
		{06414A4F-92A7-4D6C-8C97-9ED89C8849E6}.Release|x64.ActiveCfg = Release|Any CPU
		{06414A4F-92A7-4D6C-8C97-9ED89C8849E6}.Release|x64.Build.0 = Release|Any CPU
		{9EEA7365-BA7D-4B10-A0EB-325C89C4B13C}.Debug|Any CPU.ActiveCfg = Debug|Any CPU
		{9EEA7365-BA7D-4B10-A0EB-325C89C4B13C}.Debug|Any CPU.Build.0 = Debug|Any CPU
		{9EEA7365-BA7D-4B10-A0EB-325C89C4B13C}.Debug|x64.ActiveCfg = Debug|Any CPU
		{9EEA7365-BA7D-4B10-A0EB-325C89C4B13C}.Debug|x64.Build.0 = Debug|Any CPU
		{9EEA7365-BA7D-4B10-A0EB-325C89C4B13C}.Release|Any CPU.ActiveCfg = Release|Any CPU
		{9EEA7365-BA7D-4B10-A0EB-325C89C4B13C}.Release|Any CPU.Build.0 = Release|Any CPU
		{9EEA7365-BA7D-4B10-A0EB-325C89C4B13C}.Release|x64.ActiveCfg = Release|Any CPU
		{9EEA7365-BA7D-4B10-A0EB-325C89C4B13C}.Release|x64.Build.0 = Release|Any CPU
		{5FA5A62A-BFC7-4879-BA10-2EBE5CA75B0B}.Debug|Any CPU.ActiveCfg = Debug|Any CPU
		{5FA5A62A-BFC7-4879-BA10-2EBE5CA75B0B}.Debug|Any CPU.Build.0 = Debug|Any CPU
		{5FA5A62A-BFC7-4879-BA10-2EBE5CA75B0B}.Debug|x64.ActiveCfg = Debug|x64
		{5FA5A62A-BFC7-4879-BA10-2EBE5CA75B0B}.Debug|x64.Build.0 = Debug|x64
		{5FA5A62A-BFC7-4879-BA10-2EBE5CA75B0B}.Release|Any CPU.ActiveCfg = Release|Any CPU
		{5FA5A62A-BFC7-4879-BA10-2EBE5CA75B0B}.Release|Any CPU.Build.0 = Release|Any CPU
		{5FA5A62A-BFC7-4879-BA10-2EBE5CA75B0B}.Release|x64.ActiveCfg = Release|x64
		{5FA5A62A-BFC7-4879-BA10-2EBE5CA75B0B}.Release|x64.Build.0 = Release|x64
		{C88DB34D-E913-49A2-85A1-4F1C1A70C18E}.Debug|Any CPU.ActiveCfg = Debug|Any CPU
		{C88DB34D-E913-49A2-85A1-4F1C1A70C18E}.Debug|Any CPU.Build.0 = Debug|Any CPU
		{C88DB34D-E913-49A2-85A1-4F1C1A70C18E}.Debug|x64.ActiveCfg = Debug|Any CPU
		{C88DB34D-E913-49A2-85A1-4F1C1A70C18E}.Debug|x64.Build.0 = Debug|Any CPU
		{C88DB34D-E913-49A2-85A1-4F1C1A70C18E}.Release|Any CPU.ActiveCfg = Release|Any CPU
		{C88DB34D-E913-49A2-85A1-4F1C1A70C18E}.Release|Any CPU.Build.0 = Release|Any CPU
		{C88DB34D-E913-49A2-85A1-4F1C1A70C18E}.Release|x64.ActiveCfg = Release|Any CPU
		{C88DB34D-E913-49A2-85A1-4F1C1A70C18E}.Release|x64.Build.0 = Release|Any CPU
		{92354FDB-A00F-4E54-A4AC-8FD961D5860E}.Debug|Any CPU.ActiveCfg = Debug|Any CPU
		{92354FDB-A00F-4E54-A4AC-8FD961D5860E}.Debug|Any CPU.Build.0 = Debug|Any CPU
		{92354FDB-A00F-4E54-A4AC-8FD961D5860E}.Debug|x64.ActiveCfg = Debug|Any CPU
		{92354FDB-A00F-4E54-A4AC-8FD961D5860E}.Debug|x64.Build.0 = Debug|Any CPU
		{92354FDB-A00F-4E54-A4AC-8FD961D5860E}.Release|Any CPU.ActiveCfg = Release|Any CPU
		{92354FDB-A00F-4E54-A4AC-8FD961D5860E}.Release|Any CPU.Build.0 = Release|Any CPU
		{92354FDB-A00F-4E54-A4AC-8FD961D5860E}.Release|x64.ActiveCfg = Release|Any CPU
		{92354FDB-A00F-4E54-A4AC-8FD961D5860E}.Release|x64.Build.0 = Release|Any CPU
		{D79CD664-CD16-4BA1-8A13-6FDEC5F9D1FA}.Debug|Any CPU.ActiveCfg = Debug|Any CPU
		{D79CD664-CD16-4BA1-8A13-6FDEC5F9D1FA}.Debug|Any CPU.Build.0 = Debug|Any CPU
		{D79CD664-CD16-4BA1-8A13-6FDEC5F9D1FA}.Debug|x64.ActiveCfg = Debug|Any CPU
		{D79CD664-CD16-4BA1-8A13-6FDEC5F9D1FA}.Debug|x64.Build.0 = Debug|Any CPU
		{D79CD664-CD16-4BA1-8A13-6FDEC5F9D1FA}.Release|Any CPU.ActiveCfg = Release|Any CPU
		{D79CD664-CD16-4BA1-8A13-6FDEC5F9D1FA}.Release|Any CPU.Build.0 = Release|Any CPU
		{D79CD664-CD16-4BA1-8A13-6FDEC5F9D1FA}.Release|x64.ActiveCfg = Release|Any CPU
		{D79CD664-CD16-4BA1-8A13-6FDEC5F9D1FA}.Release|x64.Build.0 = Release|Any CPU
		{75100C5B-6D61-4215-9443-E6C515E84B7D}.Debug|Any CPU.ActiveCfg = Debug|Any CPU
		{75100C5B-6D61-4215-9443-E6C515E84B7D}.Debug|Any CPU.Build.0 = Debug|Any CPU
		{75100C5B-6D61-4215-9443-E6C515E84B7D}.Debug|x64.ActiveCfg = Debug|Any CPU
		{75100C5B-6D61-4215-9443-E6C515E84B7D}.Debug|x64.Build.0 = Debug|Any CPU
		{75100C5B-6D61-4215-9443-E6C515E84B7D}.Release|Any CPU.ActiveCfg = Release|Any CPU
		{75100C5B-6D61-4215-9443-E6C515E84B7D}.Release|Any CPU.Build.0 = Release|Any CPU
		{75100C5B-6D61-4215-9443-E6C515E84B7D}.Release|x64.ActiveCfg = Release|Any CPU
		{75100C5B-6D61-4215-9443-E6C515E84B7D}.Release|x64.Build.0 = Release|Any CPU
		{5096F92A-28AD-42D3-BB47-B4401CDA2E37}.Debug|Any CPU.ActiveCfg = Debug|Any CPU
		{5096F92A-28AD-42D3-BB47-B4401CDA2E37}.Debug|Any CPU.Build.0 = Debug|Any CPU
		{5096F92A-28AD-42D3-BB47-B4401CDA2E37}.Debug|x64.ActiveCfg = Debug|Any CPU
		{5096F92A-28AD-42D3-BB47-B4401CDA2E37}.Debug|x64.Build.0 = Debug|Any CPU
		{5096F92A-28AD-42D3-BB47-B4401CDA2E37}.Release|Any CPU.ActiveCfg = Release|Any CPU
		{5096F92A-28AD-42D3-BB47-B4401CDA2E37}.Release|Any CPU.Build.0 = Release|Any CPU
		{5096F92A-28AD-42D3-BB47-B4401CDA2E37}.Release|x64.ActiveCfg = Release|Any CPU
		{5096F92A-28AD-42D3-BB47-B4401CDA2E37}.Release|x64.Build.0 = Release|Any CPU
		{96EAC3E6-72AF-4B23-A5DF-4D90507C7804}.Debug|Any CPU.ActiveCfg = Debug|Any CPU
		{96EAC3E6-72AF-4B23-A5DF-4D90507C7804}.Debug|Any CPU.Build.0 = Debug|Any CPU
		{96EAC3E6-72AF-4B23-A5DF-4D90507C7804}.Debug|x64.ActiveCfg = Debug|Any CPU
		{96EAC3E6-72AF-4B23-A5DF-4D90507C7804}.Debug|x64.Build.0 = Debug|Any CPU
		{96EAC3E6-72AF-4B23-A5DF-4D90507C7804}.Release|Any CPU.ActiveCfg = Release|Any CPU
		{96EAC3E6-72AF-4B23-A5DF-4D90507C7804}.Release|Any CPU.Build.0 = Release|Any CPU
		{96EAC3E6-72AF-4B23-A5DF-4D90507C7804}.Release|x64.ActiveCfg = Release|Any CPU
		{96EAC3E6-72AF-4B23-A5DF-4D90507C7804}.Release|x64.Build.0 = Release|Any CPU
		{DD099F88-0608-48DB-826E-EE1659C83298}.Debug|Any CPU.ActiveCfg = Debug|Any CPU
		{DD099F88-0608-48DB-826E-EE1659C83298}.Debug|Any CPU.Build.0 = Debug|Any CPU
		{DD099F88-0608-48DB-826E-EE1659C83298}.Debug|x64.ActiveCfg = Debug|Any CPU
		{DD099F88-0608-48DB-826E-EE1659C83298}.Debug|x64.Build.0 = Debug|Any CPU
		{DD099F88-0608-48DB-826E-EE1659C83298}.Release|Any CPU.ActiveCfg = Release|Any CPU
		{DD099F88-0608-48DB-826E-EE1659C83298}.Release|Any CPU.Build.0 = Release|Any CPU
		{DD099F88-0608-48DB-826E-EE1659C83298}.Release|x64.ActiveCfg = Release|Any CPU
		{DD099F88-0608-48DB-826E-EE1659C83298}.Release|x64.Build.0 = Release|Any CPU
		{B6EEC0B0-225E-4D6B-AD3D-A3868B996215}.Debug|Any CPU.ActiveCfg = Debug|Any CPU
		{B6EEC0B0-225E-4D6B-AD3D-A3868B996215}.Debug|Any CPU.Build.0 = Debug|Any CPU
		{B6EEC0B0-225E-4D6B-AD3D-A3868B996215}.Debug|x64.ActiveCfg = Debug|Any CPU
		{B6EEC0B0-225E-4D6B-AD3D-A3868B996215}.Debug|x64.Build.0 = Debug|Any CPU
		{B6EEC0B0-225E-4D6B-AD3D-A3868B996215}.Release|Any CPU.ActiveCfg = Release|Any CPU
		{B6EEC0B0-225E-4D6B-AD3D-A3868B996215}.Release|Any CPU.Build.0 = Release|Any CPU
		{B6EEC0B0-225E-4D6B-AD3D-A3868B996215}.Release|x64.ActiveCfg = Release|Any CPU
		{B6EEC0B0-225E-4D6B-AD3D-A3868B996215}.Release|x64.Build.0 = Release|Any CPU
		{1740C885-BF41-4FE9-AA44-AFF364735BE2}.Debug|Any CPU.ActiveCfg = Debug|Any CPU
		{1740C885-BF41-4FE9-AA44-AFF364735BE2}.Debug|Any CPU.Build.0 = Debug|Any CPU
		{1740C885-BF41-4FE9-AA44-AFF364735BE2}.Debug|x64.ActiveCfg = Debug|Any CPU
		{1740C885-BF41-4FE9-AA44-AFF364735BE2}.Debug|x64.Build.0 = Debug|Any CPU
		{1740C885-BF41-4FE9-AA44-AFF364735BE2}.Release|Any CPU.ActiveCfg = Release|Any CPU
		{1740C885-BF41-4FE9-AA44-AFF364735BE2}.Release|Any CPU.Build.0 = Release|Any CPU
		{1740C885-BF41-4FE9-AA44-AFF364735BE2}.Release|x64.ActiveCfg = Release|Any CPU
		{1740C885-BF41-4FE9-AA44-AFF364735BE2}.Release|x64.Build.0 = Release|Any CPU
		{4687558F-C297-4CAA-A362-364FA9BA881D}.Debug|Any CPU.ActiveCfg = Debug|Any CPU
		{4687558F-C297-4CAA-A362-364FA9BA881D}.Debug|Any CPU.Build.0 = Debug|Any CPU
		{4687558F-C297-4CAA-A362-364FA9BA881D}.Debug|x64.ActiveCfg = Debug|Any CPU
		{4687558F-C297-4CAA-A362-364FA9BA881D}.Debug|x64.Build.0 = Debug|Any CPU
		{4687558F-C297-4CAA-A362-364FA9BA881D}.Release|Any CPU.ActiveCfg = Release|Any CPU
		{4687558F-C297-4CAA-A362-364FA9BA881D}.Release|Any CPU.Build.0 = Release|Any CPU
		{4687558F-C297-4CAA-A362-364FA9BA881D}.Release|x64.ActiveCfg = Release|Any CPU
		{4687558F-C297-4CAA-A362-364FA9BA881D}.Release|x64.Build.0 = Release|Any CPU
		{10A67A2C-41C4-4F00-978A-250DFFD10A26}.Debug|Any CPU.ActiveCfg = Debug|Any CPU
		{10A67A2C-41C4-4F00-978A-250DFFD10A26}.Debug|Any CPU.Build.0 = Debug|Any CPU
		{10A67A2C-41C4-4F00-978A-250DFFD10A26}.Debug|x64.ActiveCfg = Debug|Any CPU
		{10A67A2C-41C4-4F00-978A-250DFFD10A26}.Debug|x64.Build.0 = Debug|Any CPU
		{10A67A2C-41C4-4F00-978A-250DFFD10A26}.Release|Any CPU.ActiveCfg = Release|Any CPU
		{10A67A2C-41C4-4F00-978A-250DFFD10A26}.Release|Any CPU.Build.0 = Release|Any CPU
		{10A67A2C-41C4-4F00-978A-250DFFD10A26}.Release|x64.ActiveCfg = Release|Any CPU
		{10A67A2C-41C4-4F00-978A-250DFFD10A26}.Release|x64.Build.0 = Release|Any CPU
		{82DC1493-3639-47CF-8714-8B2186BE4EB5}.Debug|Any CPU.ActiveCfg = Debug|Any CPU
		{82DC1493-3639-47CF-8714-8B2186BE4EB5}.Debug|Any CPU.Build.0 = Debug|Any CPU
		{82DC1493-3639-47CF-8714-8B2186BE4EB5}.Debug|x64.ActiveCfg = Debug|Any CPU
		{82DC1493-3639-47CF-8714-8B2186BE4EB5}.Debug|x64.Build.0 = Debug|Any CPU
		{82DC1493-3639-47CF-8714-8B2186BE4EB5}.Release|Any CPU.ActiveCfg = Release|Any CPU
		{82DC1493-3639-47CF-8714-8B2186BE4EB5}.Release|Any CPU.Build.0 = Release|Any CPU
		{82DC1493-3639-47CF-8714-8B2186BE4EB5}.Release|x64.ActiveCfg = Release|Any CPU
		{82DC1493-3639-47CF-8714-8B2186BE4EB5}.Release|x64.Build.0 = Release|Any CPU
		{C67C6CD5-B788-4943-9917-BD125D80EABB}.Debug|Any CPU.ActiveCfg = Debug|Any CPU
		{C67C6CD5-B788-4943-9917-BD125D80EABB}.Debug|Any CPU.Build.0 = Debug|Any CPU
		{C67C6CD5-B788-4943-9917-BD125D80EABB}.Debug|x64.ActiveCfg = Debug|Any CPU
		{C67C6CD5-B788-4943-9917-BD125D80EABB}.Debug|x64.Build.0 = Debug|Any CPU
		{C67C6CD5-B788-4943-9917-BD125D80EABB}.Release|Any CPU.ActiveCfg = Release|Any CPU
		{C67C6CD5-B788-4943-9917-BD125D80EABB}.Release|Any CPU.Build.0 = Release|Any CPU
		{C67C6CD5-B788-4943-9917-BD125D80EABB}.Release|x64.ActiveCfg = Release|Any CPU
		{C67C6CD5-B788-4943-9917-BD125D80EABB}.Release|x64.Build.0 = Release|Any CPU
		{A208B146-32CF-460E-A8A8-5B39C034B795}.Debug|Any CPU.ActiveCfg = Debug|Any CPU
		{A208B146-32CF-460E-A8A8-5B39C034B795}.Debug|Any CPU.Build.0 = Debug|Any CPU
		{A208B146-32CF-460E-A8A8-5B39C034B795}.Debug|x64.ActiveCfg = Debug|Any CPU
		{A208B146-32CF-460E-A8A8-5B39C034B795}.Debug|x64.Build.0 = Debug|Any CPU
		{A208B146-32CF-460E-A8A8-5B39C034B795}.Release|Any CPU.ActiveCfg = Release|Any CPU
		{A208B146-32CF-460E-A8A8-5B39C034B795}.Release|Any CPU.Build.0 = Release|Any CPU
		{A208B146-32CF-460E-A8A8-5B39C034B795}.Release|x64.ActiveCfg = Release|Any CPU
		{A208B146-32CF-460E-A8A8-5B39C034B795}.Release|x64.Build.0 = Release|Any CPU
		{78B7C8D1-2772-4734-9868-4FA0EC210E7F}.Debug|Any CPU.ActiveCfg = Debug|Any CPU
		{78B7C8D1-2772-4734-9868-4FA0EC210E7F}.Debug|Any CPU.Build.0 = Debug|Any CPU
		{78B7C8D1-2772-4734-9868-4FA0EC210E7F}.Debug|x64.ActiveCfg = Debug|Any CPU
		{78B7C8D1-2772-4734-9868-4FA0EC210E7F}.Debug|x64.Build.0 = Debug|Any CPU
		{78B7C8D1-2772-4734-9868-4FA0EC210E7F}.Release|Any CPU.ActiveCfg = Release|Any CPU
		{78B7C8D1-2772-4734-9868-4FA0EC210E7F}.Release|Any CPU.Build.0 = Release|Any CPU
		{78B7C8D1-2772-4734-9868-4FA0EC210E7F}.Release|x64.ActiveCfg = Release|Any CPU
		{78B7C8D1-2772-4734-9868-4FA0EC210E7F}.Release|x64.Build.0 = Release|Any CPU
		{67E16793-CDB2-44B8-AB8D-0F0302C80684}.Debug|Any CPU.ActiveCfg = Debug|Any CPU
		{67E16793-CDB2-44B8-AB8D-0F0302C80684}.Debug|Any CPU.Build.0 = Debug|Any CPU
		{67E16793-CDB2-44B8-AB8D-0F0302C80684}.Debug|x64.ActiveCfg = Debug|Any CPU
		{67E16793-CDB2-44B8-AB8D-0F0302C80684}.Debug|x64.Build.0 = Debug|Any CPU
		{67E16793-CDB2-44B8-AB8D-0F0302C80684}.Release|Any CPU.ActiveCfg = Release|Any CPU
		{67E16793-CDB2-44B8-AB8D-0F0302C80684}.Release|Any CPU.Build.0 = Release|Any CPU
		{67E16793-CDB2-44B8-AB8D-0F0302C80684}.Release|x64.ActiveCfg = Release|Any CPU
		{67E16793-CDB2-44B8-AB8D-0F0302C80684}.Release|x64.Build.0 = Release|Any CPU
		{09957983-1B51-4F53-AE3E-DC1750E00594}.Debug|Any CPU.ActiveCfg = Debug|Any CPU
		{09957983-1B51-4F53-AE3E-DC1750E00594}.Debug|Any CPU.Build.0 = Debug|Any CPU
		{09957983-1B51-4F53-AE3E-DC1750E00594}.Debug|x64.ActiveCfg = Debug|Any CPU
		{09957983-1B51-4F53-AE3E-DC1750E00594}.Debug|x64.Build.0 = Debug|Any CPU
		{09957983-1B51-4F53-AE3E-DC1750E00594}.Release|Any CPU.ActiveCfg = Release|Any CPU
		{09957983-1B51-4F53-AE3E-DC1750E00594}.Release|Any CPU.Build.0 = Release|Any CPU
		{09957983-1B51-4F53-AE3E-DC1750E00594}.Release|x64.ActiveCfg = Release|Any CPU
		{09957983-1B51-4F53-AE3E-DC1750E00594}.Release|x64.Build.0 = Release|Any CPU
		{1646356E-9045-4650-BD26-A1F52CB48FA6}.Debug|Any CPU.ActiveCfg = Debug|Any CPU
		{1646356E-9045-4650-BD26-A1F52CB48FA6}.Debug|Any CPU.Build.0 = Debug|Any CPU
		{1646356E-9045-4650-BD26-A1F52CB48FA6}.Debug|x64.ActiveCfg = Debug|Any CPU
		{1646356E-9045-4650-BD26-A1F52CB48FA6}.Debug|x64.Build.0 = Debug|Any CPU
		{1646356E-9045-4650-BD26-A1F52CB48FA6}.Release|Any CPU.ActiveCfg = Release|Any CPU
		{1646356E-9045-4650-BD26-A1F52CB48FA6}.Release|Any CPU.Build.0 = Release|Any CPU
		{1646356E-9045-4650-BD26-A1F52CB48FA6}.Release|x64.ActiveCfg = Release|Any CPU
		{1646356E-9045-4650-BD26-A1F52CB48FA6}.Release|x64.Build.0 = Release|Any CPU
		{FD083B01-58B8-4D5D-9D74-677A377F953B}.Debug|Any CPU.ActiveCfg = Debug|Any CPU
		{FD083B01-58B8-4D5D-9D74-677A377F953B}.Debug|Any CPU.Build.0 = Debug|Any CPU
		{FD083B01-58B8-4D5D-9D74-677A377F953B}.Debug|x64.ActiveCfg = Debug|Any CPU
		{FD083B01-58B8-4D5D-9D74-677A377F953B}.Debug|x64.Build.0 = Debug|Any CPU
		{FD083B01-58B8-4D5D-9D74-677A377F953B}.Release|Any CPU.ActiveCfg = Release|Any CPU
		{FD083B01-58B8-4D5D-9D74-677A377F953B}.Release|Any CPU.Build.0 = Release|Any CPU
		{FD083B01-58B8-4D5D-9D74-677A377F953B}.Release|x64.ActiveCfg = Release|Any CPU
		{FD083B01-58B8-4D5D-9D74-677A377F953B}.Release|x64.Build.0 = Release|Any CPU
		{919418A5-3268-4A43-93BC-E55A88D22B1B}.Debug|Any CPU.ActiveCfg = Debug|Any CPU
		{919418A5-3268-4A43-93BC-E55A88D22B1B}.Debug|Any CPU.Build.0 = Debug|Any CPU
		{919418A5-3268-4A43-93BC-E55A88D22B1B}.Debug|x64.ActiveCfg = Debug|Any CPU
		{919418A5-3268-4A43-93BC-E55A88D22B1B}.Debug|x64.Build.0 = Debug|Any CPU
		{919418A5-3268-4A43-93BC-E55A88D22B1B}.Release|Any CPU.ActiveCfg = Release|Any CPU
		{919418A5-3268-4A43-93BC-E55A88D22B1B}.Release|Any CPU.Build.0 = Release|Any CPU
		{919418A5-3268-4A43-93BC-E55A88D22B1B}.Release|x64.ActiveCfg = Release|Any CPU
		{919418A5-3268-4A43-93BC-E55A88D22B1B}.Release|x64.Build.0 = Release|Any CPU
		{15D55054-7BDE-4A48-A47B-F17137F74C2E}.Debug|Any CPU.ActiveCfg = Debug|Any CPU
		{15D55054-7BDE-4A48-A47B-F17137F74C2E}.Debug|Any CPU.Build.0 = Debug|Any CPU
		{15D55054-7BDE-4A48-A47B-F17137F74C2E}.Debug|x64.ActiveCfg = Debug|Any CPU
		{15D55054-7BDE-4A48-A47B-F17137F74C2E}.Debug|x64.Build.0 = Debug|Any CPU
		{15D55054-7BDE-4A48-A47B-F17137F74C2E}.Release|Any CPU.ActiveCfg = Release|Any CPU
		{15D55054-7BDE-4A48-A47B-F17137F74C2E}.Release|Any CPU.Build.0 = Release|Any CPU
		{15D55054-7BDE-4A48-A47B-F17137F74C2E}.Release|x64.ActiveCfg = Release|Any CPU
		{15D55054-7BDE-4A48-A47B-F17137F74C2E}.Release|x64.Build.0 = Release|Any CPU
		{1F72362E-EF06-4111-8DF0-2A428580D823}.Debug|Any CPU.ActiveCfg = Debug|Any CPU
		{1F72362E-EF06-4111-8DF0-2A428580D823}.Debug|Any CPU.Build.0 = Debug|Any CPU
		{1F72362E-EF06-4111-8DF0-2A428580D823}.Debug|x64.ActiveCfg = Debug|Any CPU
		{1F72362E-EF06-4111-8DF0-2A428580D823}.Debug|x64.Build.0 = Debug|Any CPU
		{1F72362E-EF06-4111-8DF0-2A428580D823}.Release|Any CPU.ActiveCfg = Release|Any CPU
		{1F72362E-EF06-4111-8DF0-2A428580D823}.Release|Any CPU.Build.0 = Release|Any CPU
		{1F72362E-EF06-4111-8DF0-2A428580D823}.Release|x64.ActiveCfg = Release|Any CPU
		{1F72362E-EF06-4111-8DF0-2A428580D823}.Release|x64.Build.0 = Release|Any CPU
	EndGlobalSection
	GlobalSection(SolutionProperties) = preSolution
		HideSolutionNode = FALSE
	EndGlobalSection
	GlobalSection(ExtensibilityGlobals) = postSolution
		SolutionGuid = {60DCDAF6-BBD0-442A-8CDD-19582AC823CC}
	EndGlobalSection
EndGlobal
